{
  "name": "ejs-test",
  "version": "1.0.0",
  "lockfileVersion": 1,
  "requires": true,
  "dependencies": {
    "@types/ejs": {
      "version": "2.7.0",
      "resolved": "https://registry.npmjs.org/@types/ejs/-/ejs-2.7.0.tgz",
      "integrity": "sha512-kM2g9Fdk/du24fKuuQhA/LBleFR4Z4JP2MVKpLxQQSzofF1uJ06D+c05zfLDAkkDO55aEeNwJih0gHrE/Ci20A==",
      "dev": true
    },
    "@types/node": {
      "version": "11.15.7",
      "resolved": "https://registry.npmjs.org/@types/node/-/node-11.15.7.tgz",
      "integrity": "sha512-3c3Kc7VIdE5UpqpmztRy7FU+turZgIurGnwpGFy/fRFOirfPc7ZnoFL83qVoqEDENJENqDhtGyQZ5fkXNQ6Qkw==",
      "dev": true
    },
    "ejs": {
      "version": "2.7.4",
      "resolved": "https://registry.npmjs.org/ejs/-/ejs-2.7.4.tgz",
      "integrity": "sha512-7vmuyh5+kuUyJKePhQfRQBhXV5Ce+RnaeeQArKu1EAMpL3WbgMt5WG6uQZpEVvYSSsxMXRKOewtDk9RaTKXRlA==",
      "dev": true
    },
    "html-format": {
      "version": "1.0.1",
      "resolved": "https://registry.npmjs.org/html-format/-/html-format-1.0.1.tgz",
      "integrity": "sha512-ePp+h+akaQiLeCGPefWQ4QJXVXhWx4sU4ZxJVFlaY0AeVgh/tnHGTL27ao09JrdEEelXYMAWi4ynKKheck4tdw==",
      "dev": true
    },
    "remove-blank-lines": {
      "version": "1.4.1",
      "resolved": "https://registry.npmjs.org/remove-blank-lines/-/remove-blank-lines-1.4.1.tgz",
      "integrity": "sha512-NEs3uvzpaZscL9qFGIHMO7iFy45/nRQC0bBeIMys8UDJT5CX/OcgDeRpcmwXGcr9Ez+IYZka7w0xhA9pEs7Cag==",
      "dev": true
    },
    "typescript": {
      "version": "3.8.3",
      "resolved": "https://registry.npmjs.org/typescript/-/typescript-3.8.3.tgz",
      "integrity": "sha512-MYlEfn5VrLNsgudQTVJeNaQFUAI7DkhnOjdpAp4T+ku1TfQClewlbSuTVHiA+8skNBgaf02TL/kLOvig4y3G8w==",
      "dev": true
    }
  }
}
